
Microsoft Visual Studio Solution File, Format Version 12.00
# Visual Studio Version 16
VisualStudioVersion = 16.0.29409.12
MinimumVisualStudioVersion = 10.0.40219.1
Project("{FAE04EC0-301F-11D3-BF4B-00C04F79EFBC}") = "IAmAllenBot", "IAmAllenBot.csproj", "{FF4CC701-D8D5-4E8A-BBC9-FA7CF53FD121}"
EndProject
Global
	GlobalSection(SolutionConfigurationPlatforms) = preSolution
		Debug|Any CPU = Debug|Any CPU
		Release|Any CPU = Release|Any CPU
	EndGlobalSection
	GlobalSection(ProjectConfigurationPlatforms) = postSolution
		{FF4CC701-D8D5-4E8A-BBC9-FA7CF53FD121}.Debug|Any CPU.ActiveCfg = Debug|Any CPU
		{FF4CC701-D8D5-4E8A-BBC9-FA7CF53FD121}.Debug|Any CPU.Build.0 = Debug|Any CPU
		{FF4CC701-D8D5-4E8A-BBC9-FA7CF53FD121}.Release|Any CPU.ActiveCfg = Release|Any CPU
		{FF4CC701-D8D5-4E8A-BBC9-FA7CF53FD121}.Release|Any CPU.Build.0 = Release|Any CPU
	EndGlobalSection
	GlobalSection(SolutionProperties) = preSolution
		HideSolutionNode = FALSE
	EndGlobalSection
	GlobalSection(ExtensibilityGlobals) = postSolution
		SolutionGuid = {68FDEFD7-BC4A-4ADE-BE5B-69D05D5E9945}
	EndGlobalSection
EndGlobal
